
Microsoft Visual Studio Solution File, Format Version 12.00
# Visual Studio Version 16
VisualStudioVersion = 16.0.30523.141
MinimumVisualStudioVersion = 10.0.40219.1
Project("{FAE04EC0-301F-11D3-BF4B-00C04F79EFBC}") = "Welding engeneer system", "Welding engeneer system\Welding engeneer system.csproj", "{6F9E0050-19C6-4AD2-954F-B103C40B4010}"
EndProject
Global
	GlobalSection(SolutionConfigurationPlatforms) = preSolution
		Debug|Any CPU = Debug|Any CPU
		Release|Any CPU = Release|Any CPU
	EndGlobalSection
	GlobalSection(ProjectConfigurationPlatforms) = postSolution
		{6F9E0050-19C6-4AD2-954F-B103C40B4010}.Debug|Any CPU.ActiveCfg = Debug|Any CPU
		{6F9E0050-19C6-4AD2-954F-B103C40B4010}.Debug|Any CPU.Build.0 = Debug|Any CPU
		{6F9E0050-19C6-4AD2-954F-B103C40B4010}.Release|Any CPU.ActiveCfg = Debug|Any CPU
		{6F9E0050-19C6-4AD2-954F-B103C40B4010}.Release|Any CPU.Build.0 = Debug|Any CPU
	EndGlobalSection
	GlobalSection(SolutionProperties) = preSolution
		HideSolutionNode = FALSE
	EndGlobalSection
	GlobalSection(ExtensibilityGlobals) = postSolution
		SolutionGuid = {778CDA5C-191C-444D-B8CE-8D55836FDD19}
	EndGlobalSection
EndGlobal
